
Microsoft Visual Studio Solution File, Format Version 12.00
Project("{FAE04EC0-301F-11D3-BF4B-00C04F79EFBC}") = "FlightPlanR.Api", "FlightPlanR.Api\FlightPlanR.Api.csproj", "{C6EBD197-FD35-4469-A23A-BEB6EECD923C}"
EndProject
Project("{FAE04EC0-301F-11D3-BF4B-00C04F79EFBC}") = "FlightPlanR.Infrastructure", "FlightPlanR.Infrastructure\FlightPlanR.Infrastructure.csproj", "{631F6667-366C-4938-A645-29B2C525F402}"
EndProject
Project("{FAE04EC0-301F-11D3-BF4B-00C04F79EFBC}") = "FlightPlanR.Tests", "FlightPlanR.Tests\FlightPlanR.Tests.csproj", "{4685FB56-3F1E-4DE1-9E57-7F580CA3FA3A}"
EndProject
Project("{FAE04EC0-301F-11D3-BF4B-00C04F79EFBC}") = "FlightPlanR.Application", "FlightPlanR.Application\FlightPlanR.Application.csproj", "{0198374F-9B07-4C65-8BBA-294FB6D5F69F}"
EndProject
Project("{2150E333-8FDC-42A3-9474-1A3956D46DE8}") = "src", "src", "{B144C33D-51E9-4CFA-952C-0E082654FFEB}"
EndProject
Project("{2150E333-8FDC-42A3-9474-1A3956D46DE8}") = "tests", "tests", "{86E87143-E391-489E-9541-05698E60B4C7}"
EndProject
Project("{FAE04EC0-301F-11D3-BF4B-00C04F79EFBC}") = "FlightPlanR.IntegrationTest", "FlightPlanR.IntegrationTest\FlightPlanR.IntegrationTest.csproj", "{28F6263F-65D6-4F49-84B1-36593AB45C47}"
EndProject
Project("{FAE04EC0-301F-11D3-BF4B-00C04F79EFBC}") = "FlightPlanR.Domain", "FlightPlanR.Domain\FlightPlanR.Domain.csproj", "{792265D0-BA43-4EBE-8A8D-BFDFCC5D4692}"
EndProject
Global
	GlobalSection(SolutionConfigurationPlatforms) = preSolution
		Debug|Any CPU = Debug|Any CPU
		Release|Any CPU = Release|Any CPU
	EndGlobalSection
	GlobalSection(ProjectConfigurationPlatforms) = postSolution
		{C6EBD197-FD35-4469-A23A-BEB6EECD923C}.Debug|Any CPU.ActiveCfg = Debug|Any CPU
		{C6EBD197-FD35-4469-A23A-BEB6EECD923C}.Debug|Any CPU.Build.0 = Debug|Any CPU
		{C6EBD197-FD35-4469-A23A-BEB6EECD923C}.Release|Any CPU.ActiveCfg = Release|Any CPU
		{C6EBD197-FD35-4469-A23A-BEB6EECD923C}.Release|Any CPU.Build.0 = Release|Any CPU
		{631F6667-366C-4938-A645-29B2C525F402}.Debug|Any CPU.ActiveCfg = Debug|Any CPU
		{631F6667-366C-4938-A645-29B2C525F402}.Debug|Any CPU.Build.0 = Debug|Any CPU
		{631F6667-366C-4938-A645-29B2C525F402}.Release|Any CPU.ActiveCfg = Release|Any CPU
		{631F6667-366C-4938-A645-29B2C525F402}.Release|Any CPU.Build.0 = Release|Any CPU
		{4685FB56-3F1E-4DE1-9E57-7F580CA3FA3A}.Debug|Any CPU.ActiveCfg = Debug|Any CPU
		{4685FB56-3F1E-4DE1-9E57-7F580CA3FA3A}.Debug|Any CPU.Build.0 = Debug|Any CPU
		{4685FB56-3F1E-4DE1-9E57-7F580CA3FA3A}.Release|Any CPU.ActiveCfg = Release|Any CPU
		{4685FB56-3F1E-4DE1-9E57-7F580CA3FA3A}.Release|Any CPU.Build.0 = Release|Any CPU
		{0198374F-9B07-4C65-8BBA-294FB6D5F69F}.Debug|Any CPU.ActiveCfg = Debug|Any CPU
		{0198374F-9B07-4C65-8BBA-294FB6D5F69F}.Debug|Any CPU.Build.0 = Debug|Any CPU
		{0198374F-9B07-4C65-8BBA-294FB6D5F69F}.Release|Any CPU.ActiveCfg = Release|Any CPU
		{0198374F-9B07-4C65-8BBA-294FB6D5F69F}.Release|Any CPU.Build.0 = Release|Any CPU
		{28F6263F-65D6-4F49-84B1-36593AB45C47}.Debug|Any CPU.ActiveCfg = Debug|Any CPU
		{28F6263F-65D6-4F49-84B1-36593AB45C47}.Debug|Any CPU.Build.0 = Debug|Any CPU
		{28F6263F-65D6-4F49-84B1-36593AB45C47}.Release|Any CPU.ActiveCfg = Release|Any CPU
		{28F6263F-65D6-4F49-84B1-36593AB45C47}.Release|Any CPU.Build.0 = Release|Any CPU
		{792265D0-BA43-4EBE-8A8D-BFDFCC5D4692}.Debug|Any CPU.ActiveCfg = Debug|Any CPU
		{792265D0-BA43-4EBE-8A8D-BFDFCC5D4692}.Debug|Any CPU.Build.0 = Debug|Any CPU
		{792265D0-BA43-4EBE-8A8D-BFDFCC5D4692}.Release|Any CPU.ActiveCfg = Release|Any CPU
		{792265D0-BA43-4EBE-8A8D-BFDFCC5D4692}.Release|Any CPU.Build.0 = Release|Any CPU
	EndGlobalSection
	GlobalSection(NestedProjects) = preSolution
		{C6EBD197-FD35-4469-A23A-BEB6EECD923C} = {B144C33D-51E9-4CFA-952C-0E082654FFEB}
		{0198374F-9B07-4C65-8BBA-294FB6D5F69F} = {B144C33D-51E9-4CFA-952C-0E082654FFEB}
		{631F6667-366C-4938-A645-29B2C525F402} = {B144C33D-51E9-4CFA-952C-0E082654FFEB}
		{4685FB56-3F1E-4DE1-9E57-7F580CA3FA3A} = {86E87143-E391-489E-9541-05698E60B4C7}
		{28F6263F-65D6-4F49-84B1-36593AB45C47} = {86E87143-E391-489E-9541-05698E60B4C7}
		{792265D0-BA43-4EBE-8A8D-BFDFCC5D4692} = {B144C33D-51E9-4CFA-952C-0E082654FFEB}
	EndGlobalSection
EndGlobal
