
Microsoft Visual Studio Solution File, Format Version 12.00
Project("{FAE04EC0-301F-11D3-BF4B-00C04F79EFBC}") = "FlightPlanR.Api", "FlightPlanR.Api\FlightPlanR.Api.csproj", "{C6EBD197-FD35-4469-A23A-BEB6EECD923C}"
EndProject
Project("{FAE04EC0-301F-11D3-BF4B-00C04F79EFBC}") = "FlightPlanR.Common", "FlightPlanR.Common\FlightPlanR.Common.csproj", "{4EE47917-2FC2-4965-94CE-A4580D0ADE28}"
EndProject
Project("{FAE04EC0-301F-11D3-BF4B-00C04F79EFBC}") = "FlightPlanR.Infrastructure", "FlightPlanR.Infrastructure\FlightPlanR.Infrastructure.csproj", "{631F6667-366C-4938-A645-29B2C525F402}"
EndProject
Project("{FAE04EC0-301F-11D3-BF4B-00C04F79EFBC}") = "FlightPlanR.Tests", "FlightPlanR.Tests\FlightPlanR.Tests.csproj", "{4685FB56-3F1E-4DE1-9E57-7F580CA3FA3A}"
EndProject
Global
	GlobalSection(SolutionConfigurationPlatforms) = preSolution
		Debug|Any CPU = Debug|Any CPU
		Release|Any CPU = Release|Any CPU
	EndGlobalSection
	GlobalSection(ProjectConfigurationPlatforms) = postSolution
		{C6EBD197-FD35-4469-A23A-BEB6EECD923C}.Debug|Any CPU.ActiveCfg = Debug|Any CPU
		{C6EBD197-FD35-4469-A23A-BEB6EECD923C}.Debug|Any CPU.Build.0 = Debug|Any CPU
		{C6EBD197-FD35-4469-A23A-BEB6EECD923C}.Release|Any CPU.ActiveCfg = Release|Any CPU
		{C6EBD197-FD35-4469-A23A-BEB6EECD923C}.Release|Any CPU.Build.0 = Release|Any CPU
		{4EE47917-2FC2-4965-94CE-A4580D0ADE28}.Debug|Any CPU.ActiveCfg = Debug|Any CPU
		{4EE47917-2FC2-4965-94CE-A4580D0ADE28}.Debug|Any CPU.Build.0 = Debug|Any CPU
		{4EE47917-2FC2-4965-94CE-A4580D0ADE28}.Release|Any CPU.ActiveCfg = Release|Any CPU
		{4EE47917-2FC2-4965-94CE-A4580D0ADE28}.Release|Any CPU.Build.0 = Release|Any CPU
		{631F6667-366C-4938-A645-29B2C525F402}.Debug|Any CPU.ActiveCfg = Debug|Any CPU
		{631F6667-366C-4938-A645-29B2C525F402}.Debug|Any CPU.Build.0 = Debug|Any CPU
		{631F6667-366C-4938-A645-29B2C525F402}.Release|Any CPU.ActiveCfg = Release|Any CPU
		{631F6667-366C-4938-A645-29B2C525F402}.Release|Any CPU.Build.0 = Release|Any CPU
		{4685FB56-3F1E-4DE1-9E57-7F580CA3FA3A}.Debug|Any CPU.ActiveCfg = Debug|Any CPU
		{4685FB56-3F1E-4DE1-9E57-7F580CA3FA3A}.Debug|Any CPU.Build.0 = Debug|Any CPU
		{4685FB56-3F1E-4DE1-9E57-7F580CA3FA3A}.Release|Any CPU.ActiveCfg = Release|Any CPU
		{4685FB56-3F1E-4DE1-9E57-7F580CA3FA3A}.Release|Any CPU.Build.0 = Release|Any CPU
	EndGlobalSection
EndGlobal
